
Microsoft Visual Studio Solution File, Format Version 12.00
# Visual Studio Version 16
VisualStudioVersion = 16.0.29905.134
MinimumVisualStudioVersion = 10.0.40219.1
Project("{FAE04EC0-301F-11D3-BF4B-00C04F79EFBC}") = "Lab 6", "Lab 6\Lab 6.csproj", "{F760DD44-B454-4869-BEBC-FAF59B80C94A}"
EndProject
Global
	GlobalSection(SolutionConfigurationPlatforms) = preSolution
		Debug|Any CPU = Debug|Any CPU
		Release|Any CPU = Release|Any CPU
	EndGlobalSection
	GlobalSection(ProjectConfigurationPlatforms) = postSolution
		{F760DD44-B454-4869-BEBC-FAF59B80C94A}.Debug|Any CPU.ActiveCfg = Debug|Any CPU
		{F760DD44-B454-4869-BEBC-FAF59B80C94A}.Debug|Any CPU.Build.0 = Debug|Any CPU
		{F760DD44-B454-4869-BEBC-FAF59B80C94A}.Release|Any CPU.ActiveCfg = Release|Any CPU
		{F760DD44-B454-4869-BEBC-FAF59B80C94A}.Release|Any CPU.Build.0 = Release|Any CPU
	EndGlobalSection
	GlobalSection(SolutionProperties) = preSolution
		HideSolutionNode = FALSE
	EndGlobalSection
	GlobalSection(ExtensibilityGlobals) = postSolution
		SolutionGuid = {57DA88E1-8AF3-4D9D-9DF9-8DF9A9BF941A}
	EndGlobalSection
EndGlobal
